
Microsoft Visual Studio Solution File, Format Version 12.00
Project("{FAE04EC0-301F-11D3-BF4B-00C04F79EFBC}") = "TradingEngine", "TradingEngine.csproj", "{6965DA14-EBFA-4769-84FC-3686FF8F82C3}"
EndProject
Project("{FAE04EC0-301F-11D3-BF4B-00C04F79EFBC}") = "Logger", "Logger\Logger.csproj", "{69709BFD-26ED-4CE6-950E-25DD88F0E078}"
EndProject
Project("{FAE04EC0-301F-11D3-BF4B-00C04F79EFBC}") = "Instrument", "Instrument\Instrument.csproj", "{4BFD7559-6D78-4B54-9ED4-C9A3AD542454}"
EndProject
Project("{FAE04EC0-301F-11D3-BF4B-00C04F79EFBC}") = "Orders", "Orders\Orders.csproj", "{DD501061-99EA-4A5F-9EA3-933671A53B9D}"
EndProject
Project("{FAE04EC0-301F-11D3-BF4B-00C04F79EFBC}") = "OrderBook", "OrderBook\OrderBook.csproj", "{79F13732-3A39-4E9B-979F-AD09DB26685F}"
EndProject
Global
	GlobalSection(SolutionConfigurationPlatforms) = preSolution
		Debug|Any CPU = Debug|Any CPU
		Release|Any CPU = Release|Any CPU
	EndGlobalSection
	GlobalSection(ProjectConfigurationPlatforms) = postSolution
		{6965DA14-EBFA-4769-84FC-3686FF8F82C3}.Debug|Any CPU.ActiveCfg = Debug|Any CPU
		{6965DA14-EBFA-4769-84FC-3686FF8F82C3}.Debug|Any CPU.Build.0 = Debug|Any CPU
		{6965DA14-EBFA-4769-84FC-3686FF8F82C3}.Release|Any CPU.ActiveCfg = Release|Any CPU
		{6965DA14-EBFA-4769-84FC-3686FF8F82C3}.Release|Any CPU.Build.0 = Release|Any CPU
		{69709BFD-26ED-4CE6-950E-25DD88F0E078}.Debug|Any CPU.ActiveCfg = Debug|Any CPU
		{69709BFD-26ED-4CE6-950E-25DD88F0E078}.Debug|Any CPU.Build.0 = Debug|Any CPU
		{69709BFD-26ED-4CE6-950E-25DD88F0E078}.Release|Any CPU.ActiveCfg = Release|Any CPU
		{69709BFD-26ED-4CE6-950E-25DD88F0E078}.Release|Any CPU.Build.0 = Release|Any CPU
		{4BFD7559-6D78-4B54-9ED4-C9A3AD542454}.Debug|Any CPU.ActiveCfg = Debug|Any CPU
		{4BFD7559-6D78-4B54-9ED4-C9A3AD542454}.Debug|Any CPU.Build.0 = Debug|Any CPU
		{4BFD7559-6D78-4B54-9ED4-C9A3AD542454}.Release|Any CPU.ActiveCfg = Release|Any CPU
		{4BFD7559-6D78-4B54-9ED4-C9A3AD542454}.Release|Any CPU.Build.0 = Release|Any CPU
		{DD501061-99EA-4A5F-9EA3-933671A53B9D}.Debug|Any CPU.ActiveCfg = Debug|Any CPU
		{DD501061-99EA-4A5F-9EA3-933671A53B9D}.Debug|Any CPU.Build.0 = Debug|Any CPU
		{DD501061-99EA-4A5F-9EA3-933671A53B9D}.Release|Any CPU.ActiveCfg = Release|Any CPU
		{DD501061-99EA-4A5F-9EA3-933671A53B9D}.Release|Any CPU.Build.0 = Release|Any CPU
		{79F13732-3A39-4E9B-979F-AD09DB26685F}.Debug|Any CPU.ActiveCfg = Debug|Any CPU
		{79F13732-3A39-4E9B-979F-AD09DB26685F}.Debug|Any CPU.Build.0 = Debug|Any CPU
		{79F13732-3A39-4E9B-979F-AD09DB26685F}.Release|Any CPU.ActiveCfg = Release|Any CPU
		{79F13732-3A39-4E9B-979F-AD09DB26685F}.Release|Any CPU.Build.0 = Release|Any CPU
	EndGlobalSection
EndGlobal
